
Microsoft Visual Studio Solution File, Format Version 12.00
# Visual Studio Version 16
VisualStudioVersion = 16.0.29613.14
MinimumVisualStudioVersion = 10.0.40219.1
Project("{FAE04EC0-301F-11D3-BF4B-00C04F79EFBC}") = "Gamefreak130.WonderPowers", "Gamefreak130.WonderPowers\Gamefreak130.WonderPowers.csproj", "{7B367073-54CD-44C5-8053-A0C157026A13}"
EndProject
Global
	GlobalSection(SolutionConfigurationPlatforms) = preSolution
		Debug|Any CPU = Debug|Any CPU
		Debug|x86 = Debug|x86
		Release|Any CPU = Release|Any CPU
		Release|x86 = Release|x86
	EndGlobalSection
	GlobalSection(ProjectConfigurationPlatforms) = postSolution
		{7B367073-54CD-44C5-8053-A0C157026A13}.Debug|Any CPU.ActiveCfg = Debug|Any CPU
		{7B367073-54CD-44C5-8053-A0C157026A13}.Debug|Any CPU.Build.0 = Debug|Any CPU
		{7B367073-54CD-44C5-8053-A0C157026A13}.Debug|x86.ActiveCfg = Debug|x86
		{7B367073-54CD-44C5-8053-A0C157026A13}.Debug|x86.Build.0 = Debug|x86
		{7B367073-54CD-44C5-8053-A0C157026A13}.Release|Any CPU.ActiveCfg = Release|Any CPU
		{7B367073-54CD-44C5-8053-A0C157026A13}.Release|Any CPU.Build.0 = Release|Any CPU
		{7B367073-54CD-44C5-8053-A0C157026A13}.Release|x86.ActiveCfg = Release|x86
		{7B367073-54CD-44C5-8053-A0C157026A13}.Release|x86.Build.0 = Release|x86
	EndGlobalSection
	GlobalSection(SolutionProperties) = preSolution
		HideSolutionNode = FALSE
	EndGlobalSection
	GlobalSection(ExtensibilityGlobals) = postSolution
		SolutionGuid = {2F91C93E-F8D0-4EBF-9F56-F65DDC74DFB4}
	EndGlobalSection
EndGlobal
